
Microsoft Visual Studio Solution File, Format Version 12.00
# Visual Studio 15
VisualStudioVersion = 15.0.28010.2050
MinimumVisualStudioVersion = 10.0.40219.1
Project("{FAE04EC0-301F-11D3-BF4B-00C04F79EFBC}") = "AutoVerhuurJansen", "AutoVerhuurJansen\AutoVerhuurJansen.csproj", "{4A9B2FC2-7BAC-4409-BBC4-F66C3A90845A}"
EndProject
Global
	GlobalSection(SolutionConfigurationPlatforms) = preSolution
		Debug|Any CPU = Debug|Any CPU
		Release|Any CPU = Release|Any CPU
	EndGlobalSection
	GlobalSection(ProjectConfigurationPlatforms) = postSolution
		{4A9B2FC2-7BAC-4409-BBC4-F66C3A90845A}.Debug|Any CPU.ActiveCfg = Debug|Any CPU
		{4A9B2FC2-7BAC-4409-BBC4-F66C3A90845A}.Debug|Any CPU.Build.0 = Debug|Any CPU
		{4A9B2FC2-7BAC-4409-BBC4-F66C3A90845A}.Release|Any CPU.ActiveCfg = Release|Any CPU
		{4A9B2FC2-7BAC-4409-BBC4-F66C3A90845A}.Release|Any CPU.Build.0 = Release|Any CPU
	EndGlobalSection
	GlobalSection(SolutionProperties) = preSolution
		HideSolutionNode = FALSE
	EndGlobalSection
	GlobalSection(ExtensibilityGlobals) = postSolution
		SolutionGuid = {416E008F-7553-4AA1-A19F-230AA4309851}
	EndGlobalSection
EndGlobal
